
Microsoft Visual Studio Solution File, Format Version 12.00
# Visual Studio Version 16
VisualStudioVersion = 16.0.30711.63
MinimumVisualStudioVersion = 10.0.40219.1
Project("{FAE04EC0-301F-11D3-BF4B-00C04F79EFBC}") = "sample", "sample.csproj", "{1045BAF2-73A8-4645-9C51-A8A9578E7655}"
EndProject
Global
	GlobalSection(SolutionConfigurationPlatforms) = preSolution
		Debug|Any CPU = Debug|Any CPU
		Release|Any CPU = Release|Any CPU
	EndGlobalSection
	GlobalSection(ProjectConfigurationPlatforms) = postSolution
		{1045BAF2-73A8-4645-9C51-A8A9578E7655}.Debug|Any CPU.ActiveCfg = Debug|Any CPU
		{1045BAF2-73A8-4645-9C51-A8A9578E7655}.Debug|Any CPU.Build.0 = Debug|Any CPU
		{1045BAF2-73A8-4645-9C51-A8A9578E7655}.Release|Any CPU.ActiveCfg = Release|Any CPU
		{1045BAF2-73A8-4645-9C51-A8A9578E7655}.Release|Any CPU.Build.0 = Release|Any CPU
	EndGlobalSection
	GlobalSection(SolutionProperties) = preSolution
		HideSolutionNode = FALSE
	EndGlobalSection
	GlobalSection(ExtensibilityGlobals) = postSolution
		SolutionGuid = {C17CD441-8B0B-4A40-80D4-EB6A9ACFBD51}
	EndGlobalSection
EndGlobal
