
Microsoft Visual Studio Solution File, Format Version 12.00
# Visual Studio Version 16
VisualStudioVersion = 16.0.30711.63
MinimumVisualStudioVersion = 10.0.40219.1
Project("{FAE04EC0-301F-11D3-BF4B-00C04F79EFBC}") = "q2", "q2.csproj", "{0685FB20-5F4B-4D0E-AFB0-569D1B46395C}"
EndProject
Global
	GlobalSection(SolutionConfigurationPlatforms) = preSolution
		Debug|Any CPU = Debug|Any CPU
		Release|Any CPU = Release|Any CPU
	EndGlobalSection
	GlobalSection(ProjectConfigurationPlatforms) = postSolution
		{0685FB20-5F4B-4D0E-AFB0-569D1B46395C}.Debug|Any CPU.ActiveCfg = Debug|Any CPU
		{0685FB20-5F4B-4D0E-AFB0-569D1B46395C}.Debug|Any CPU.Build.0 = Debug|Any CPU
		{0685FB20-5F4B-4D0E-AFB0-569D1B46395C}.Release|Any CPU.ActiveCfg = Release|Any CPU
		{0685FB20-5F4B-4D0E-AFB0-569D1B46395C}.Release|Any CPU.Build.0 = Release|Any CPU
	EndGlobalSection
	GlobalSection(SolutionProperties) = preSolution
		HideSolutionNode = FALSE
	EndGlobalSection
	GlobalSection(ExtensibilityGlobals) = postSolution
		SolutionGuid = {2F9C6A06-5BD7-4902-B9F0-DD6D0FF194DA}
	EndGlobalSection
EndGlobal
