
Microsoft Visual Studio Solution File, Format Version 12.00
# Visual Studio Version 16
VisualStudioVersion = 16.0.30711.63
MinimumVisualStudioVersion = 10.0.40219.1
Project("{FAE04EC0-301F-11D3-BF4B-00C04F79EFBC}") = "sam2", "sam2.csproj", "{CB4C2FB7-2844-4373-9CF5-18F484857025}"
EndProject
Global
	GlobalSection(SolutionConfigurationPlatforms) = preSolution
		Debug|Any CPU = Debug|Any CPU
		Release|Any CPU = Release|Any CPU
	EndGlobalSection
	GlobalSection(ProjectConfigurationPlatforms) = postSolution
		{CB4C2FB7-2844-4373-9CF5-18F484857025}.Debug|Any CPU.ActiveCfg = Debug|Any CPU
		{CB4C2FB7-2844-4373-9CF5-18F484857025}.Debug|Any CPU.Build.0 = Debug|Any CPU
		{CB4C2FB7-2844-4373-9CF5-18F484857025}.Release|Any CPU.ActiveCfg = Release|Any CPU
		{CB4C2FB7-2844-4373-9CF5-18F484857025}.Release|Any CPU.Build.0 = Release|Any CPU
	EndGlobalSection
	GlobalSection(SolutionProperties) = preSolution
		HideSolutionNode = FALSE
	EndGlobalSection
	GlobalSection(ExtensibilityGlobals) = postSolution
		SolutionGuid = {27ED608C-93E6-4DC5-BD86-F17FC0B21093}
	EndGlobalSection
EndGlobal
