
Microsoft Visual Studio Solution File, Format Version 12.00
# Visual Studio Version 16
VisualStudioVersion = 16.0.30717.126
MinimumVisualStudioVersion = 10.0.40219.1
Project("{FAE04EC0-301F-11D3-BF4B-00C04F79EFBC}") = "q3", "q3\q3.csproj", "{750333F4-B044-4D10-A493-0377BEE9D9F6}"
EndProject
Global
	GlobalSection(SolutionConfigurationPlatforms) = preSolution
		Debug|Any CPU = Debug|Any CPU
		Release|Any CPU = Release|Any CPU
	EndGlobalSection
	GlobalSection(ProjectConfigurationPlatforms) = postSolution
		{750333F4-B044-4D10-A493-0377BEE9D9F6}.Debug|Any CPU.ActiveCfg = Debug|Any CPU
		{750333F4-B044-4D10-A493-0377BEE9D9F6}.Debug|Any CPU.Build.0 = Debug|Any CPU
		{750333F4-B044-4D10-A493-0377BEE9D9F6}.Release|Any CPU.ActiveCfg = Release|Any CPU
		{750333F4-B044-4D10-A493-0377BEE9D9F6}.Release|Any CPU.Build.0 = Release|Any CPU
	EndGlobalSection
	GlobalSection(SolutionProperties) = preSolution
		HideSolutionNode = FALSE
	EndGlobalSection
	GlobalSection(ExtensibilityGlobals) = postSolution
		SolutionGuid = {0624A935-5868-416D-9664-07E3E04AD1E2}
	EndGlobalSection
EndGlobal
